
Microsoft Visual Studio Solution File, Format Version 12.00
# Visual Studio 2013
VisualStudioVersion = 12.0.21005.1
MinimumVisualStudioVersion = 10.0.40219.1
Project("{FAE04EC0-301F-11D3-BF4B-00C04F79EFBC}") = "JobAutomation", "JobAutomation\JobAutomation.csproj", "{2E761723-B59B-4710-AD82-932AEEC05EF0}"
EndProject
Project("{FAE04EC0-301F-11D3-BF4B-00C04F79EFBC}") = "sampleNoChecking", "sampleNoChecking\sampleNoChecking.csproj", "{7AC1E122-F9FD-47CD-92A4-9E380BBFBAA7}"
EndProject
Global
	GlobalSection(SolutionConfigurationPlatforms) = preSolution
		Debug|Any CPU = Debug|Any CPU
		Release|Any CPU = Release|Any CPU
	EndGlobalSection
	GlobalSection(ProjectConfigurationPlatforms) = postSolution
		{2E761723-B59B-4710-AD82-932AEEC05EF0}.Debug|Any CPU.ActiveCfg = Debug|Any CPU
		{2E761723-B59B-4710-AD82-932AEEC05EF0}.Debug|Any CPU.Build.0 = Debug|Any CPU
		{2E761723-B59B-4710-AD82-932AEEC05EF0}.Release|Any CPU.ActiveCfg = Release|Any CPU
		{2E761723-B59B-4710-AD82-932AEEC05EF0}.Release|Any CPU.Build.0 = Release|Any CPU
		{7AC1E122-F9FD-47CD-92A4-9E380BBFBAA7}.Debug|Any CPU.ActiveCfg = Debug|Any CPU
		{7AC1E122-F9FD-47CD-92A4-9E380BBFBAA7}.Debug|Any CPU.Build.0 = Debug|Any CPU
		{7AC1E122-F9FD-47CD-92A4-9E380BBFBAA7}.Release|Any CPU.ActiveCfg = Release|Any CPU
		{7AC1E122-F9FD-47CD-92A4-9E380BBFBAA7}.Release|Any CPU.Build.0 = Release|Any CPU
	EndGlobalSection
	GlobalSection(SolutionProperties) = preSolution
		HideSolutionNode = FALSE
	EndGlobalSection
EndGlobal
